
Microsoft Visual Studio Solution File, Format Version 12.00
# Visual Studio Version 17
VisualStudioVersion = 17.6.33801.468
MinimumVisualStudioVersion = 10.0.40219.1
Project("{FAE04EC0-301F-11D3-BF4B-00C04F79EFBC}") = "NET_UI_Automation_6", "NET_UI_Automation_6\NET_UI_Automation_6.csproj", "{C2FC0B38-E18A-4C2D-9362-5B07EAB3F42D}"
EndProject
Global
	GlobalSection(SolutionConfigurationPlatforms) = preSolution
		Debug|Any CPU = Debug|Any CPU
		Release|Any CPU = Release|Any CPU
	EndGlobalSection
	GlobalSection(ProjectConfigurationPlatforms) = postSolution
		{C2FC0B38-E18A-4C2D-9362-5B07EAB3F42D}.Debug|Any CPU.ActiveCfg = Debug|Any CPU
		{C2FC0B38-E18A-4C2D-9362-5B07EAB3F42D}.Debug|Any CPU.Build.0 = Debug|Any CPU
		{C2FC0B38-E18A-4C2D-9362-5B07EAB3F42D}.Release|Any CPU.ActiveCfg = Release|Any CPU
		{C2FC0B38-E18A-4C2D-9362-5B07EAB3F42D}.Release|Any CPU.Build.0 = Release|Any CPU
	EndGlobalSection
	GlobalSection(SolutionProperties) = preSolution
		HideSolutionNode = FALSE
	EndGlobalSection
	GlobalSection(ExtensibilityGlobals) = postSolution
		SolutionGuid = {0F13AC7E-A7E3-44AE-886E-C6C7BC56225F}
	EndGlobalSection
EndGlobal
